
Microsoft Visual Studio Solution File, Format Version 12.00
# Visual Studio 15
VisualStudioVersion = 15.0.27703.2000
MinimumVisualStudioVersion = 10.0.40219.1
Project("{9A19103F-16F7-4668-BE54-9A1E7A4F7556}") = "01.Crossroads", "01. Crossroads\01.Crossroads.csproj", "{621065C8-4AA7-441F-A6C3-014CBC05468C}"
EndProject
Project("{FAE04EC0-301F-11D3-BF4B-00C04F79EFBC}") = "02.ParkingFeud", "02.ParkingFeud\02.ParkingFeud.csproj", "{5E187827-E922-420D-A6F1-0E4A111988F4}"
EndProject
Project("{FAE04EC0-301F-11D3-BF4B-00C04F79EFBC}") = "03.TicketTrouble", "03.TicketTrouble\03.TicketTrouble.csproj", "{F864541D-ACE4-4534-99C4-AB9216D4986C}"
EndProject
Project("{FAE04EC0-301F-11D3-BF4B-00C04F79EFBC}") = "04.MovieTime", "04.MovieTime\04.MovieTime.csproj", "{411C4A38-0EC1-4299-B845-9821C97CDD96}"
EndProject
Global
	GlobalSection(SolutionConfigurationPlatforms) = preSolution
		Debug|Any CPU = Debug|Any CPU
		Release|Any CPU = Release|Any CPU
	EndGlobalSection
	GlobalSection(ProjectConfigurationPlatforms) = postSolution
		{621065C8-4AA7-441F-A6C3-014CBC05468C}.Debug|Any CPU.ActiveCfg = Debug|Any CPU
		{621065C8-4AA7-441F-A6C3-014CBC05468C}.Debug|Any CPU.Build.0 = Debug|Any CPU
		{621065C8-4AA7-441F-A6C3-014CBC05468C}.Release|Any CPU.ActiveCfg = Release|Any CPU
		{621065C8-4AA7-441F-A6C3-014CBC05468C}.Release|Any CPU.Build.0 = Release|Any CPU
		{5E187827-E922-420D-A6F1-0E4A111988F4}.Debug|Any CPU.ActiveCfg = Debug|Any CPU
		{5E187827-E922-420D-A6F1-0E4A111988F4}.Debug|Any CPU.Build.0 = Debug|Any CPU
		{5E187827-E922-420D-A6F1-0E4A111988F4}.Release|Any CPU.ActiveCfg = Release|Any CPU
		{5E187827-E922-420D-A6F1-0E4A111988F4}.Release|Any CPU.Build.0 = Release|Any CPU
		{F864541D-ACE4-4534-99C4-AB9216D4986C}.Debug|Any CPU.ActiveCfg = Debug|Any CPU
		{F864541D-ACE4-4534-99C4-AB9216D4986C}.Debug|Any CPU.Build.0 = Debug|Any CPU
		{F864541D-ACE4-4534-99C4-AB9216D4986C}.Release|Any CPU.ActiveCfg = Release|Any CPU
		{F864541D-ACE4-4534-99C4-AB9216D4986C}.Release|Any CPU.Build.0 = Release|Any CPU
		{411C4A38-0EC1-4299-B845-9821C97CDD96}.Debug|Any CPU.ActiveCfg = Debug|Any CPU
		{411C4A38-0EC1-4299-B845-9821C97CDD96}.Debug|Any CPU.Build.0 = Debug|Any CPU
		{411C4A38-0EC1-4299-B845-9821C97CDD96}.Release|Any CPU.ActiveCfg = Release|Any CPU
		{411C4A38-0EC1-4299-B845-9821C97CDD96}.Release|Any CPU.Build.0 = Release|Any CPU
	EndGlobalSection
	GlobalSection(SolutionProperties) = preSolution
		HideSolutionNode = FALSE
	EndGlobalSection
	GlobalSection(ExtensibilityGlobals) = postSolution
		SolutionGuid = {64BEC098-A088-4C22-B628-C9BB1C639B88}
	EndGlobalSection
EndGlobal
