
Microsoft Visual Studio Solution File, Format Version 12.00
# Visual Studio 14
VisualStudioVersion = 14.0.24720.0
MinimumVisualStudioVersion = 10.0.40219.1
Project("{FAE04EC0-301F-11D3-BF4B-00C04F79EFBC}") = "01. OddLines", "01. OddLines\01. OddLines.csproj", "{0B1BC258-3F8B-4E95-812C-1D8668F69882}"
EndProject
Project("{FAE04EC0-301F-11D3-BF4B-00C04F79EFBC}") = "02. LineNumbers", "02. LineNumbers\02. LineNumbers.csproj", "{654F48D5-4A5C-4A47-9156-5FF9B07F2387}"
EndProject
Project("{FAE04EC0-301F-11D3-BF4B-00C04F79EFBC}") = "03. WordCount", "03. WordCount\03. WordCount.csproj", "{1D7C78E8-8A5A-4CE1-AF83-3BC0421AEB6D}"
EndProject
Project("{FAE04EC0-301F-11D3-BF4B-00C04F79EFBC}") = "04. CopyBinaryFile", "04. CopyBinaryFile\04. CopyBinaryFile.csproj", "{C7AB3289-5354-43DE-8EF5-7367265DD6B1}"
EndProject
Project("{FAE04EC0-301F-11D3-BF4B-00C04F79EFBC}") = "05. SlicingFile", "05. SlicingFile\05. SlicingFile.csproj", "{A1932408-74DC-4D7B-96B0-D7F9755CDAD8}"
EndProject
Project("{FAE04EC0-301F-11D3-BF4B-00C04F79EFBC}") = "06. ZippingSlicedFiles", "06. ZippingSlicedFiles\06. ZippingSlicedFiles.csproj", "{EE3C5122-6C5F-4FD7-9DDA-55CBBA0360BB}"
EndProject
Project("{FAE04EC0-301F-11D3-BF4B-00C04F79EFBC}") = "07. DirectoryTraversal", "07. DirectoryTraversal\07. DirectoryTraversal.csproj", "{1A1446EB-5B48-41B5-B028-0569186CA761}"
EndProject
Project("{FAE04EC0-301F-11D3-BF4B-00C04F79EFBC}") = "08. FullDirectoryTraversal", "08. FullDirectoryTraversal\08. FullDirectoryTraversal.csproj", "{5E9225E5-2AE2-484B-84CA-314374BCEC1E}"
EndProject
Project("{FAE04EC0-301F-11D3-BF4B-00C04F79EFBC}") = "09. HTTPServer", "09. HTTPServer\09. HTTPServer.csproj", "{109EF07C-2700-4F74-A52C-C6F3BACFCF71}"
EndProject
Global
	GlobalSection(SolutionConfigurationPlatforms) = preSolution
		Debug|Any CPU = Debug|Any CPU
		Release|Any CPU = Release|Any CPU
	EndGlobalSection
	GlobalSection(ProjectConfigurationPlatforms) = postSolution
		{0B1BC258-3F8B-4E95-812C-1D8668F69882}.Debug|Any CPU.ActiveCfg = Debug|Any CPU
		{0B1BC258-3F8B-4E95-812C-1D8668F69882}.Debug|Any CPU.Build.0 = Debug|Any CPU
		{0B1BC258-3F8B-4E95-812C-1D8668F69882}.Release|Any CPU.ActiveCfg = Release|Any CPU
		{0B1BC258-3F8B-4E95-812C-1D8668F69882}.Release|Any CPU.Build.0 = Release|Any CPU
		{654F48D5-4A5C-4A47-9156-5FF9B07F2387}.Debug|Any CPU.ActiveCfg = Debug|Any CPU
		{654F48D5-4A5C-4A47-9156-5FF9B07F2387}.Debug|Any CPU.Build.0 = Debug|Any CPU
		{654F48D5-4A5C-4A47-9156-5FF9B07F2387}.Release|Any CPU.ActiveCfg = Release|Any CPU
		{654F48D5-4A5C-4A47-9156-5FF9B07F2387}.Release|Any CPU.Build.0 = Release|Any CPU
		{1D7C78E8-8A5A-4CE1-AF83-3BC0421AEB6D}.Debug|Any CPU.ActiveCfg = Debug|Any CPU
		{1D7C78E8-8A5A-4CE1-AF83-3BC0421AEB6D}.Debug|Any CPU.Build.0 = Debug|Any CPU
		{1D7C78E8-8A5A-4CE1-AF83-3BC0421AEB6D}.Release|Any CPU.ActiveCfg = Release|Any CPU
		{1D7C78E8-8A5A-4CE1-AF83-3BC0421AEB6D}.Release|Any CPU.Build.0 = Release|Any CPU
		{C7AB3289-5354-43DE-8EF5-7367265DD6B1}.Debug|Any CPU.ActiveCfg = Debug|Any CPU
		{C7AB3289-5354-43DE-8EF5-7367265DD6B1}.Debug|Any CPU.Build.0 = Debug|Any CPU
		{C7AB3289-5354-43DE-8EF5-7367265DD6B1}.Release|Any CPU.ActiveCfg = Release|Any CPU
		{C7AB3289-5354-43DE-8EF5-7367265DD6B1}.Release|Any CPU.Build.0 = Release|Any CPU
		{A1932408-74DC-4D7B-96B0-D7F9755CDAD8}.Debug|Any CPU.ActiveCfg = Debug|Any CPU
		{A1932408-74DC-4D7B-96B0-D7F9755CDAD8}.Debug|Any CPU.Build.0 = Debug|Any CPU
		{A1932408-74DC-4D7B-96B0-D7F9755CDAD8}.Release|Any CPU.ActiveCfg = Release|Any CPU
		{A1932408-74DC-4D7B-96B0-D7F9755CDAD8}.Release|Any CPU.Build.0 = Release|Any CPU
		{EE3C5122-6C5F-4FD7-9DDA-55CBBA0360BB}.Debug|Any CPU.ActiveCfg = Debug|Any CPU
		{EE3C5122-6C5F-4FD7-9DDA-55CBBA0360BB}.Debug|Any CPU.Build.0 = Debug|Any CPU
		{EE3C5122-6C5F-4FD7-9DDA-55CBBA0360BB}.Release|Any CPU.ActiveCfg = Release|Any CPU
		{EE3C5122-6C5F-4FD7-9DDA-55CBBA0360BB}.Release|Any CPU.Build.0 = Release|Any CPU
		{1A1446EB-5B48-41B5-B028-0569186CA761}.Debug|Any CPU.ActiveCfg = Debug|Any CPU
		{1A1446EB-5B48-41B5-B028-0569186CA761}.Debug|Any CPU.Build.0 = Debug|Any CPU
		{1A1446EB-5B48-41B5-B028-0569186CA761}.Release|Any CPU.ActiveCfg = Release|Any CPU
		{1A1446EB-5B48-41B5-B028-0569186CA761}.Release|Any CPU.Build.0 = Release|Any CPU
		{5E9225E5-2AE2-484B-84CA-314374BCEC1E}.Debug|Any CPU.ActiveCfg = Debug|Any CPU
		{5E9225E5-2AE2-484B-84CA-314374BCEC1E}.Debug|Any CPU.Build.0 = Debug|Any CPU
		{5E9225E5-2AE2-484B-84CA-314374BCEC1E}.Release|Any CPU.ActiveCfg = Release|Any CPU
		{5E9225E5-2AE2-484B-84CA-314374BCEC1E}.Release|Any CPU.Build.0 = Release|Any CPU
		{109EF07C-2700-4F74-A52C-C6F3BACFCF71}.Debug|Any CPU.ActiveCfg = Debug|Any CPU
		{109EF07C-2700-4F74-A52C-C6F3BACFCF71}.Debug|Any CPU.Build.0 = Debug|Any CPU
		{109EF07C-2700-4F74-A52C-C6F3BACFCF71}.Release|Any CPU.ActiveCfg = Release|Any CPU
		{109EF07C-2700-4F74-A52C-C6F3BACFCF71}.Release|Any CPU.Build.0 = Release|Any CPU
	EndGlobalSection
	GlobalSection(SolutionProperties) = preSolution
		HideSolutionNode = FALSE
	EndGlobalSection
EndGlobal
