
Microsoft Visual Studio Solution File, Format Version 12.00
# Visual Studio 15
VisualStudioVersion = 15.0.26430.16
MinimumVisualStudioVersion = 10.0.40219.1
Project("{FAE04EC0-301F-11D3-BF4B-00C04F79EFBC}") = "01. Shapes", "01. InterfacesАndAbstraction\01. Shapes.csproj", "{778D4DDB-59CE-4D35-950C-081AE9D1351F}"
EndProject
Project("{FAE04EC0-301F-11D3-BF4B-00C04F79EFBC}") = "02. Cars", "02.Cars\02. Cars.csproj", "{7DB43483-B74F-4E51-95DF-650D792F4E3F}"
EndProject
Project("{FAE04EC0-301F-11D3-BF4B-00C04F79EFBC}") = "03. DefineAnInterfaceIPerson", "03. DefineAnInterfaceIPerson\03. DefineAnInterfaceIPerson.csproj", "{AEA30E85-3D79-4889-842E-EF93E726E5A4}"
EndProject
Project("{FAE04EC0-301F-11D3-BF4B-00C04F79EFBC}") = "04. MultipleImplementation", "04. MultipleImplementation\04. MultipleImplementation.csproj", "{1016305C-31E7-44A9-A537-65448B58E9A1}"
EndProject
Project("{FAE04EC0-301F-11D3-BF4B-00C04F79EFBC}") = "05. Ferrari", "05. Ferrari\05. Ferrari.csproj", "{EADA526D-A84A-43A4-B262-497FF9ADA1B4}"
EndProject
Project("{FAE04EC0-301F-11D3-BF4B-00C04F79EFBC}") = "06. Telephony", "06. Telephony\06. Telephony.csproj", "{3D34FF59-7054-4DEF-91C8-EAC2C9A414F9}"
EndProject
Project("{FAE04EC0-301F-11D3-BF4B-00C04F79EFBC}") = "07. BorderControl", "07. BorderControl\07. BorderControl.csproj", "{456BD111-0E6D-45F8-8141-7353EE71F69C}"
EndProject
Project("{FAE04EC0-301F-11D3-BF4B-00C04F79EFBC}") = "08. BirthdayCelebrations", "08. BirthdayCelebrations\08. BirthdayCelebrations.csproj", "{57BD4293-9115-40AB-887F-2BB69AB5AA32}"
EndProject
Project("{FAE04EC0-301F-11D3-BF4B-00C04F79EFBC}") = "09. Food Shortage", "09. Food Shortage\09. Food Shortage.csproj", "{71120067-1C6D-4268-A433-9A6CE36D138D}"
EndProject
Project("{FAE04EC0-301F-11D3-BF4B-00C04F79EFBC}") = "10. MilitaryElite", "10. MilitaryElite\10. MilitaryElite.csproj", "{6543E694-640F-4801-9402-AE17F83E7CA4}"
EndProject
Project("{FAE04EC0-301F-11D3-BF4B-00C04F79EFBC}") = "11. CollectionHierarchy", "11. CollectionHierarchy\11. CollectionHierarchy.csproj", "{9177D8A6-61C9-4BDC-B967-0A59E9D87BF6}"
EndProject
Project("{FAE04EC0-301F-11D3-BF4B-00C04F79EFBC}") = "12. ExplicitInterfaces", "11. ExplicitInterfaces\12. ExplicitInterfaces.csproj", "{B05E9ADB-3252-4CCA-91CC-1CEE68F7EE51}"
EndProject
Global
	GlobalSection(SolutionConfigurationPlatforms) = preSolution
		Debug|Any CPU = Debug|Any CPU
		Debug|ARM = Debug|ARM
		Debug|x64 = Debug|x64
		Debug|x86 = Debug|x86
		Release|Any CPU = Release|Any CPU
		Release|ARM = Release|ARM
		Release|x64 = Release|x64
		Release|x86 = Release|x86
	EndGlobalSection
	GlobalSection(ProjectConfigurationPlatforms) = postSolution
		{778D4DDB-59CE-4D35-950C-081AE9D1351F}.Debug|Any CPU.ActiveCfg = Debug|Any CPU
		{778D4DDB-59CE-4D35-950C-081AE9D1351F}.Debug|Any CPU.Build.0 = Debug|Any CPU
		{778D4DDB-59CE-4D35-950C-081AE9D1351F}.Debug|ARM.ActiveCfg = Debug|Any CPU
		{778D4DDB-59CE-4D35-950C-081AE9D1351F}.Debug|ARM.Build.0 = Debug|Any CPU
		{778D4DDB-59CE-4D35-950C-081AE9D1351F}.Debug|x64.ActiveCfg = Debug|Any CPU
		{778D4DDB-59CE-4D35-950C-081AE9D1351F}.Debug|x64.Build.0 = Debug|Any CPU
		{778D4DDB-59CE-4D35-950C-081AE9D1351F}.Debug|x86.ActiveCfg = Debug|Any CPU
		{778D4DDB-59CE-4D35-950C-081AE9D1351F}.Debug|x86.Build.0 = Debug|Any CPU
		{778D4DDB-59CE-4D35-950C-081AE9D1351F}.Release|Any CPU.ActiveCfg = Release|Any CPU
		{778D4DDB-59CE-4D35-950C-081AE9D1351F}.Release|Any CPU.Build.0 = Release|Any CPU
		{778D4DDB-59CE-4D35-950C-081AE9D1351F}.Release|ARM.ActiveCfg = Release|Any CPU
		{778D4DDB-59CE-4D35-950C-081AE9D1351F}.Release|ARM.Build.0 = Release|Any CPU
		{778D4DDB-59CE-4D35-950C-081AE9D1351F}.Release|x64.ActiveCfg = Release|Any CPU
		{778D4DDB-59CE-4D35-950C-081AE9D1351F}.Release|x64.Build.0 = Release|Any CPU
		{778D4DDB-59CE-4D35-950C-081AE9D1351F}.Release|x86.ActiveCfg = Release|Any CPU
		{778D4DDB-59CE-4D35-950C-081AE9D1351F}.Release|x86.Build.0 = Release|Any CPU
		{7DB43483-B74F-4E51-95DF-650D792F4E3F}.Debug|Any CPU.ActiveCfg = Debug|Any CPU
		{7DB43483-B74F-4E51-95DF-650D792F4E3F}.Debug|Any CPU.Build.0 = Debug|Any CPU
		{7DB43483-B74F-4E51-95DF-650D792F4E3F}.Debug|ARM.ActiveCfg = Debug|Any CPU
		{7DB43483-B74F-4E51-95DF-650D792F4E3F}.Debug|ARM.Build.0 = Debug|Any CPU
		{7DB43483-B74F-4E51-95DF-650D792F4E3F}.Debug|x64.ActiveCfg = Debug|Any CPU
		{7DB43483-B74F-4E51-95DF-650D792F4E3F}.Debug|x64.Build.0 = Debug|Any CPU
		{7DB43483-B74F-4E51-95DF-650D792F4E3F}.Debug|x86.ActiveCfg = Debug|Any CPU
		{7DB43483-B74F-4E51-95DF-650D792F4E3F}.Debug|x86.Build.0 = Debug|Any CPU
		{7DB43483-B74F-4E51-95DF-650D792F4E3F}.Release|Any CPU.ActiveCfg = Release|Any CPU
		{7DB43483-B74F-4E51-95DF-650D792F4E3F}.Release|Any CPU.Build.0 = Release|Any CPU
		{7DB43483-B74F-4E51-95DF-650D792F4E3F}.Release|ARM.ActiveCfg = Release|Any CPU
		{7DB43483-B74F-4E51-95DF-650D792F4E3F}.Release|ARM.Build.0 = Release|Any CPU
		{7DB43483-B74F-4E51-95DF-650D792F4E3F}.Release|x64.ActiveCfg = Release|Any CPU
		{7DB43483-B74F-4E51-95DF-650D792F4E3F}.Release|x64.Build.0 = Release|Any CPU
		{7DB43483-B74F-4E51-95DF-650D792F4E3F}.Release|x86.ActiveCfg = Release|Any CPU
		{7DB43483-B74F-4E51-95DF-650D792F4E3F}.Release|x86.Build.0 = Release|Any CPU
		{AEA30E85-3D79-4889-842E-EF93E726E5A4}.Debug|Any CPU.ActiveCfg = Debug|Any CPU
		{AEA30E85-3D79-4889-842E-EF93E726E5A4}.Debug|Any CPU.Build.0 = Debug|Any CPU
		{AEA30E85-3D79-4889-842E-EF93E726E5A4}.Debug|ARM.ActiveCfg = Debug|Any CPU
		{AEA30E85-3D79-4889-842E-EF93E726E5A4}.Debug|ARM.Build.0 = Debug|Any CPU
		{AEA30E85-3D79-4889-842E-EF93E726E5A4}.Debug|x64.ActiveCfg = Debug|Any CPU
		{AEA30E85-3D79-4889-842E-EF93E726E5A4}.Debug|x64.Build.0 = Debug|Any CPU
		{AEA30E85-3D79-4889-842E-EF93E726E5A4}.Debug|x86.ActiveCfg = Debug|Any CPU
		{AEA30E85-3D79-4889-842E-EF93E726E5A4}.Debug|x86.Build.0 = Debug|Any CPU
		{AEA30E85-3D79-4889-842E-EF93E726E5A4}.Release|Any CPU.ActiveCfg = Release|Any CPU
		{AEA30E85-3D79-4889-842E-EF93E726E5A4}.Release|Any CPU.Build.0 = Release|Any CPU
		{AEA30E85-3D79-4889-842E-EF93E726E5A4}.Release|ARM.ActiveCfg = Release|Any CPU
		{AEA30E85-3D79-4889-842E-EF93E726E5A4}.Release|ARM.Build.0 = Release|Any CPU
		{AEA30E85-3D79-4889-842E-EF93E726E5A4}.Release|x64.ActiveCfg = Release|Any CPU
		{AEA30E85-3D79-4889-842E-EF93E726E5A4}.Release|x64.Build.0 = Release|Any CPU
		{AEA30E85-3D79-4889-842E-EF93E726E5A4}.Release|x86.ActiveCfg = Release|Any CPU
		{AEA30E85-3D79-4889-842E-EF93E726E5A4}.Release|x86.Build.0 = Release|Any CPU
		{1016305C-31E7-44A9-A537-65448B58E9A1}.Debug|Any CPU.ActiveCfg = Debug|Any CPU
		{1016305C-31E7-44A9-A537-65448B58E9A1}.Debug|Any CPU.Build.0 = Debug|Any CPU
		{1016305C-31E7-44A9-A537-65448B58E9A1}.Debug|ARM.ActiveCfg = Debug|Any CPU
		{1016305C-31E7-44A9-A537-65448B58E9A1}.Debug|ARM.Build.0 = Debug|Any CPU
		{1016305C-31E7-44A9-A537-65448B58E9A1}.Debug|x64.ActiveCfg = Debug|Any CPU
		{1016305C-31E7-44A9-A537-65448B58E9A1}.Debug|x64.Build.0 = Debug|Any CPU
		{1016305C-31E7-44A9-A537-65448B58E9A1}.Debug|x86.ActiveCfg = Debug|Any CPU
		{1016305C-31E7-44A9-A537-65448B58E9A1}.Debug|x86.Build.0 = Debug|Any CPU
		{1016305C-31E7-44A9-A537-65448B58E9A1}.Release|Any CPU.ActiveCfg = Release|Any CPU
		{1016305C-31E7-44A9-A537-65448B58E9A1}.Release|Any CPU.Build.0 = Release|Any CPU
		{1016305C-31E7-44A9-A537-65448B58E9A1}.Release|ARM.ActiveCfg = Release|Any CPU
		{1016305C-31E7-44A9-A537-65448B58E9A1}.Release|ARM.Build.0 = Release|Any CPU
		{1016305C-31E7-44A9-A537-65448B58E9A1}.Release|x64.ActiveCfg = Release|Any CPU
		{1016305C-31E7-44A9-A537-65448B58E9A1}.Release|x64.Build.0 = Release|Any CPU
		{1016305C-31E7-44A9-A537-65448B58E9A1}.Release|x86.ActiveCfg = Release|Any CPU
		{1016305C-31E7-44A9-A537-65448B58E9A1}.Release|x86.Build.0 = Release|Any CPU
		{EADA526D-A84A-43A4-B262-497FF9ADA1B4}.Debug|Any CPU.ActiveCfg = Debug|Any CPU
		{EADA526D-A84A-43A4-B262-497FF9ADA1B4}.Debug|Any CPU.Build.0 = Debug|Any CPU
		{EADA526D-A84A-43A4-B262-497FF9ADA1B4}.Debug|ARM.ActiveCfg = Debug|Any CPU
		{EADA526D-A84A-43A4-B262-497FF9ADA1B4}.Debug|ARM.Build.0 = Debug|Any CPU
		{EADA526D-A84A-43A4-B262-497FF9ADA1B4}.Debug|x64.ActiveCfg = Debug|Any CPU
		{EADA526D-A84A-43A4-B262-497FF9ADA1B4}.Debug|x64.Build.0 = Debug|Any CPU
		{EADA526D-A84A-43A4-B262-497FF9ADA1B4}.Debug|x86.ActiveCfg = Debug|Any CPU
		{EADA526D-A84A-43A4-B262-497FF9ADA1B4}.Debug|x86.Build.0 = Debug|Any CPU
		{EADA526D-A84A-43A4-B262-497FF9ADA1B4}.Release|Any CPU.ActiveCfg = Release|Any CPU
		{EADA526D-A84A-43A4-B262-497FF9ADA1B4}.Release|Any CPU.Build.0 = Release|Any CPU
		{EADA526D-A84A-43A4-B262-497FF9ADA1B4}.Release|ARM.ActiveCfg = Release|Any CPU
		{EADA526D-A84A-43A4-B262-497FF9ADA1B4}.Release|ARM.Build.0 = Release|Any CPU
		{EADA526D-A84A-43A4-B262-497FF9ADA1B4}.Release|x64.ActiveCfg = Release|Any CPU
		{EADA526D-A84A-43A4-B262-497FF9ADA1B4}.Release|x64.Build.0 = Release|Any CPU
		{EADA526D-A84A-43A4-B262-497FF9ADA1B4}.Release|x86.ActiveCfg = Release|Any CPU
		{EADA526D-A84A-43A4-B262-497FF9ADA1B4}.Release|x86.Build.0 = Release|Any CPU
		{3D34FF59-7054-4DEF-91C8-EAC2C9A414F9}.Debug|Any CPU.ActiveCfg = Debug|Any CPU
		{3D34FF59-7054-4DEF-91C8-EAC2C9A414F9}.Debug|Any CPU.Build.0 = Debug|Any CPU
		{3D34FF59-7054-4DEF-91C8-EAC2C9A414F9}.Debug|ARM.ActiveCfg = Debug|Any CPU
		{3D34FF59-7054-4DEF-91C8-EAC2C9A414F9}.Debug|ARM.Build.0 = Debug|Any CPU
		{3D34FF59-7054-4DEF-91C8-EAC2C9A414F9}.Debug|x64.ActiveCfg = Debug|Any CPU
		{3D34FF59-7054-4DEF-91C8-EAC2C9A414F9}.Debug|x64.Build.0 = Debug|Any CPU
		{3D34FF59-7054-4DEF-91C8-EAC2C9A414F9}.Debug|x86.ActiveCfg = Debug|Any CPU
		{3D34FF59-7054-4DEF-91C8-EAC2C9A414F9}.Debug|x86.Build.0 = Debug|Any CPU
		{3D34FF59-7054-4DEF-91C8-EAC2C9A414F9}.Release|Any CPU.ActiveCfg = Release|Any CPU
		{3D34FF59-7054-4DEF-91C8-EAC2C9A414F9}.Release|Any CPU.Build.0 = Release|Any CPU
		{3D34FF59-7054-4DEF-91C8-EAC2C9A414F9}.Release|ARM.ActiveCfg = Release|Any CPU
		{3D34FF59-7054-4DEF-91C8-EAC2C9A414F9}.Release|ARM.Build.0 = Release|Any CPU
		{3D34FF59-7054-4DEF-91C8-EAC2C9A414F9}.Release|x64.ActiveCfg = Release|Any CPU
		{3D34FF59-7054-4DEF-91C8-EAC2C9A414F9}.Release|x64.Build.0 = Release|Any CPU
		{3D34FF59-7054-4DEF-91C8-EAC2C9A414F9}.Release|x86.ActiveCfg = Release|Any CPU
		{3D34FF59-7054-4DEF-91C8-EAC2C9A414F9}.Release|x86.Build.0 = Release|Any CPU
		{456BD111-0E6D-45F8-8141-7353EE71F69C}.Debug|Any CPU.ActiveCfg = Debug|Any CPU
		{456BD111-0E6D-45F8-8141-7353EE71F69C}.Debug|Any CPU.Build.0 = Debug|Any CPU
		{456BD111-0E6D-45F8-8141-7353EE71F69C}.Debug|ARM.ActiveCfg = Debug|Any CPU
		{456BD111-0E6D-45F8-8141-7353EE71F69C}.Debug|ARM.Build.0 = Debug|Any CPU
		{456BD111-0E6D-45F8-8141-7353EE71F69C}.Debug|x64.ActiveCfg = Debug|Any CPU
		{456BD111-0E6D-45F8-8141-7353EE71F69C}.Debug|x64.Build.0 = Debug|Any CPU
		{456BD111-0E6D-45F8-8141-7353EE71F69C}.Debug|x86.ActiveCfg = Debug|Any CPU
		{456BD111-0E6D-45F8-8141-7353EE71F69C}.Debug|x86.Build.0 = Debug|Any CPU
		{456BD111-0E6D-45F8-8141-7353EE71F69C}.Release|Any CPU.ActiveCfg = Release|Any CPU
		{456BD111-0E6D-45F8-8141-7353EE71F69C}.Release|Any CPU.Build.0 = Release|Any CPU
		{456BD111-0E6D-45F8-8141-7353EE71F69C}.Release|ARM.ActiveCfg = Release|Any CPU
		{456BD111-0E6D-45F8-8141-7353EE71F69C}.Release|ARM.Build.0 = Release|Any CPU
		{456BD111-0E6D-45F8-8141-7353EE71F69C}.Release|x64.ActiveCfg = Release|Any CPU
		{456BD111-0E6D-45F8-8141-7353EE71F69C}.Release|x64.Build.0 = Release|Any CPU
		{456BD111-0E6D-45F8-8141-7353EE71F69C}.Release|x86.ActiveCfg = Release|Any CPU
		{456BD111-0E6D-45F8-8141-7353EE71F69C}.Release|x86.Build.0 = Release|Any CPU
		{57BD4293-9115-40AB-887F-2BB69AB5AA32}.Debug|Any CPU.ActiveCfg = Debug|Any CPU
		{57BD4293-9115-40AB-887F-2BB69AB5AA32}.Debug|Any CPU.Build.0 = Debug|Any CPU
		{57BD4293-9115-40AB-887F-2BB69AB5AA32}.Debug|ARM.ActiveCfg = Debug|Any CPU
		{57BD4293-9115-40AB-887F-2BB69AB5AA32}.Debug|ARM.Build.0 = Debug|Any CPU
		{57BD4293-9115-40AB-887F-2BB69AB5AA32}.Debug|x64.ActiveCfg = Debug|Any CPU
		{57BD4293-9115-40AB-887F-2BB69AB5AA32}.Debug|x64.Build.0 = Debug|Any CPU
		{57BD4293-9115-40AB-887F-2BB69AB5AA32}.Debug|x86.ActiveCfg = Debug|Any CPU
		{57BD4293-9115-40AB-887F-2BB69AB5AA32}.Debug|x86.Build.0 = Debug|Any CPU
		{57BD4293-9115-40AB-887F-2BB69AB5AA32}.Release|Any CPU.ActiveCfg = Release|Any CPU
		{57BD4293-9115-40AB-887F-2BB69AB5AA32}.Release|Any CPU.Build.0 = Release|Any CPU
		{57BD4293-9115-40AB-887F-2BB69AB5AA32}.Release|ARM.ActiveCfg = Release|Any CPU
		{57BD4293-9115-40AB-887F-2BB69AB5AA32}.Release|ARM.Build.0 = Release|Any CPU
		{57BD4293-9115-40AB-887F-2BB69AB5AA32}.Release|x64.ActiveCfg = Release|Any CPU
		{57BD4293-9115-40AB-887F-2BB69AB5AA32}.Release|x64.Build.0 = Release|Any CPU
		{57BD4293-9115-40AB-887F-2BB69AB5AA32}.Release|x86.ActiveCfg = Release|Any CPU
		{57BD4293-9115-40AB-887F-2BB69AB5AA32}.Release|x86.Build.0 = Release|Any CPU
		{71120067-1C6D-4268-A433-9A6CE36D138D}.Debug|Any CPU.ActiveCfg = Debug|Any CPU
		{71120067-1C6D-4268-A433-9A6CE36D138D}.Debug|Any CPU.Build.0 = Debug|Any CPU
		{71120067-1C6D-4268-A433-9A6CE36D138D}.Debug|ARM.ActiveCfg = Debug|Any CPU
		{71120067-1C6D-4268-A433-9A6CE36D138D}.Debug|ARM.Build.0 = Debug|Any CPU
		{71120067-1C6D-4268-A433-9A6CE36D138D}.Debug|x64.ActiveCfg = Debug|Any CPU
		{71120067-1C6D-4268-A433-9A6CE36D138D}.Debug|x64.Build.0 = Debug|Any CPU
		{71120067-1C6D-4268-A433-9A6CE36D138D}.Debug|x86.ActiveCfg = Debug|Any CPU
		{71120067-1C6D-4268-A433-9A6CE36D138D}.Debug|x86.Build.0 = Debug|Any CPU
		{71120067-1C6D-4268-A433-9A6CE36D138D}.Release|Any CPU.ActiveCfg = Release|Any CPU
		{71120067-1C6D-4268-A433-9A6CE36D138D}.Release|Any CPU.Build.0 = Release|Any CPU
		{71120067-1C6D-4268-A433-9A6CE36D138D}.Release|ARM.ActiveCfg = Release|Any CPU
		{71120067-1C6D-4268-A433-9A6CE36D138D}.Release|ARM.Build.0 = Release|Any CPU
		{71120067-1C6D-4268-A433-9A6CE36D138D}.Release|x64.ActiveCfg = Release|Any CPU
		{71120067-1C6D-4268-A433-9A6CE36D138D}.Release|x64.Build.0 = Release|Any CPU
		{71120067-1C6D-4268-A433-9A6CE36D138D}.Release|x86.ActiveCfg = Release|Any CPU
		{71120067-1C6D-4268-A433-9A6CE36D138D}.Release|x86.Build.0 = Release|Any CPU
		{6543E694-640F-4801-9402-AE17F83E7CA4}.Debug|Any CPU.ActiveCfg = Debug|Any CPU
		{6543E694-640F-4801-9402-AE17F83E7CA4}.Debug|Any CPU.Build.0 = Debug|Any CPU
		{6543E694-640F-4801-9402-AE17F83E7CA4}.Debug|ARM.ActiveCfg = Debug|Any CPU
		{6543E694-640F-4801-9402-AE17F83E7CA4}.Debug|ARM.Build.0 = Debug|Any CPU
		{6543E694-640F-4801-9402-AE17F83E7CA4}.Debug|x64.ActiveCfg = Debug|Any CPU
		{6543E694-640F-4801-9402-AE17F83E7CA4}.Debug|x64.Build.0 = Debug|Any CPU
		{6543E694-640F-4801-9402-AE17F83E7CA4}.Debug|x86.ActiveCfg = Debug|Any CPU
		{6543E694-640F-4801-9402-AE17F83E7CA4}.Debug|x86.Build.0 = Debug|Any CPU
		{6543E694-640F-4801-9402-AE17F83E7CA4}.Release|Any CPU.ActiveCfg = Release|Any CPU
		{6543E694-640F-4801-9402-AE17F83E7CA4}.Release|Any CPU.Build.0 = Release|Any CPU
		{6543E694-640F-4801-9402-AE17F83E7CA4}.Release|ARM.ActiveCfg = Release|Any CPU
		{6543E694-640F-4801-9402-AE17F83E7CA4}.Release|ARM.Build.0 = Release|Any CPU
		{6543E694-640F-4801-9402-AE17F83E7CA4}.Release|x64.ActiveCfg = Release|Any CPU
		{6543E694-640F-4801-9402-AE17F83E7CA4}.Release|x64.Build.0 = Release|Any CPU
		{6543E694-640F-4801-9402-AE17F83E7CA4}.Release|x86.ActiveCfg = Release|Any CPU
		{6543E694-640F-4801-9402-AE17F83E7CA4}.Release|x86.Build.0 = Release|Any CPU
		{9177D8A6-61C9-4BDC-B967-0A59E9D87BF6}.Debug|Any CPU.ActiveCfg = Debug|Any CPU
		{9177D8A6-61C9-4BDC-B967-0A59E9D87BF6}.Debug|Any CPU.Build.0 = Debug|Any CPU
		{9177D8A6-61C9-4BDC-B967-0A59E9D87BF6}.Debug|ARM.ActiveCfg = Debug|Any CPU
		{9177D8A6-61C9-4BDC-B967-0A59E9D87BF6}.Debug|ARM.Build.0 = Debug|Any CPU
		{9177D8A6-61C9-4BDC-B967-0A59E9D87BF6}.Debug|x64.ActiveCfg = Debug|Any CPU
		{9177D8A6-61C9-4BDC-B967-0A59E9D87BF6}.Debug|x64.Build.0 = Debug|Any CPU
		{9177D8A6-61C9-4BDC-B967-0A59E9D87BF6}.Debug|x86.ActiveCfg = Debug|Any CPU
		{9177D8A6-61C9-4BDC-B967-0A59E9D87BF6}.Debug|x86.Build.0 = Debug|Any CPU
		{9177D8A6-61C9-4BDC-B967-0A59E9D87BF6}.Release|Any CPU.ActiveCfg = Release|Any CPU
		{9177D8A6-61C9-4BDC-B967-0A59E9D87BF6}.Release|Any CPU.Build.0 = Release|Any CPU
		{9177D8A6-61C9-4BDC-B967-0A59E9D87BF6}.Release|ARM.ActiveCfg = Release|Any CPU
		{9177D8A6-61C9-4BDC-B967-0A59E9D87BF6}.Release|ARM.Build.0 = Release|Any CPU
		{9177D8A6-61C9-4BDC-B967-0A59E9D87BF6}.Release|x64.ActiveCfg = Release|Any CPU
		{9177D8A6-61C9-4BDC-B967-0A59E9D87BF6}.Release|x64.Build.0 = Release|Any CPU
		{9177D8A6-61C9-4BDC-B967-0A59E9D87BF6}.Release|x86.ActiveCfg = Release|Any CPU
		{9177D8A6-61C9-4BDC-B967-0A59E9D87BF6}.Release|x86.Build.0 = Release|Any CPU
		{B05E9ADB-3252-4CCA-91CC-1CEE68F7EE51}.Debug|Any CPU.ActiveCfg = Debug|Any CPU
		{B05E9ADB-3252-4CCA-91CC-1CEE68F7EE51}.Debug|Any CPU.Build.0 = Debug|Any CPU
		{B05E9ADB-3252-4CCA-91CC-1CEE68F7EE51}.Debug|ARM.ActiveCfg = Debug|Any CPU
		{B05E9ADB-3252-4CCA-91CC-1CEE68F7EE51}.Debug|ARM.Build.0 = Debug|Any CPU
		{B05E9ADB-3252-4CCA-91CC-1CEE68F7EE51}.Debug|x64.ActiveCfg = Debug|Any CPU
		{B05E9ADB-3252-4CCA-91CC-1CEE68F7EE51}.Debug|x64.Build.0 = Debug|Any CPU
		{B05E9ADB-3252-4CCA-91CC-1CEE68F7EE51}.Debug|x86.ActiveCfg = Debug|Any CPU
		{B05E9ADB-3252-4CCA-91CC-1CEE68F7EE51}.Debug|x86.Build.0 = Debug|Any CPU
		{B05E9ADB-3252-4CCA-91CC-1CEE68F7EE51}.Release|Any CPU.ActiveCfg = Release|Any CPU
		{B05E9ADB-3252-4CCA-91CC-1CEE68F7EE51}.Release|Any CPU.Build.0 = Release|Any CPU
		{B05E9ADB-3252-4CCA-91CC-1CEE68F7EE51}.Release|ARM.ActiveCfg = Release|Any CPU
		{B05E9ADB-3252-4CCA-91CC-1CEE68F7EE51}.Release|ARM.Build.0 = Release|Any CPU
		{B05E9ADB-3252-4CCA-91CC-1CEE68F7EE51}.Release|x64.ActiveCfg = Release|Any CPU
		{B05E9ADB-3252-4CCA-91CC-1CEE68F7EE51}.Release|x64.Build.0 = Release|Any CPU
		{B05E9ADB-3252-4CCA-91CC-1CEE68F7EE51}.Release|x86.ActiveCfg = Release|Any CPU
		{B05E9ADB-3252-4CCA-91CC-1CEE68F7EE51}.Release|x86.Build.0 = Release|Any CPU
	EndGlobalSection
	GlobalSection(SolutionProperties) = preSolution
		HideSolutionNode = FALSE
	EndGlobalSection
EndGlobal
