
Microsoft Visual Studio Solution File, Format Version 12.00
# Visual Studio 15
VisualStudioVersion = 15.0.26430.16
MinimumVisualStudioVersion = 10.0.40219.1
Project("{FAE04EC0-301F-11D3-BF4B-00C04F79EFBC}") = "01. JediMeditation", "01. JediMeditation\01. JediMeditation.csproj", "{12DD41B0-FDE3-439D-90A7-D36D1DBBABD7}"
EndProject
Project("{FAE04EC0-301F-11D3-BF4B-00C04F79EFBC}") = "02. JediGalaxy", "02. JediGalaxy\02. JediGalaxy.csproj", "{D3D10CF5-B8E3-45B7-9BD3-1B02E194D833}"
EndProject
Project("{FAE04EC0-301F-11D3-BF4B-00C04F79EFBC}") = "03. JediCode-X", "03. JediCode-X\03. JediCode-X.csproj", "{C4B5C4C6-842F-4686-8C5B-BF370CE69EB7}"
EndProject
Project("{FAE04EC0-301F-11D3-BF4B-00C04F79EFBC}") = "04. JediDreams", "04. JediDreams\04. JediDreams.csproj", "{668C206E-BBE7-45EB-AB0E-1CF534D061CD}"
EndProject
Global
	GlobalSection(SolutionConfigurationPlatforms) = preSolution
		Debug|Any CPU = Debug|Any CPU
		Release|Any CPU = Release|Any CPU
	EndGlobalSection
	GlobalSection(ProjectConfigurationPlatforms) = postSolution
		{12DD41B0-FDE3-439D-90A7-D36D1DBBABD7}.Debug|Any CPU.ActiveCfg = Debug|Any CPU
		{12DD41B0-FDE3-439D-90A7-D36D1DBBABD7}.Debug|Any CPU.Build.0 = Debug|Any CPU
		{12DD41B0-FDE3-439D-90A7-D36D1DBBABD7}.Release|Any CPU.ActiveCfg = Release|Any CPU
		{12DD41B0-FDE3-439D-90A7-D36D1DBBABD7}.Release|Any CPU.Build.0 = Release|Any CPU
		{D3D10CF5-B8E3-45B7-9BD3-1B02E194D833}.Debug|Any CPU.ActiveCfg = Debug|Any CPU
		{D3D10CF5-B8E3-45B7-9BD3-1B02E194D833}.Debug|Any CPU.Build.0 = Debug|Any CPU
		{D3D10CF5-B8E3-45B7-9BD3-1B02E194D833}.Release|Any CPU.ActiveCfg = Release|Any CPU
		{D3D10CF5-B8E3-45B7-9BD3-1B02E194D833}.Release|Any CPU.Build.0 = Release|Any CPU
		{C4B5C4C6-842F-4686-8C5B-BF370CE69EB7}.Debug|Any CPU.ActiveCfg = Debug|Any CPU
		{C4B5C4C6-842F-4686-8C5B-BF370CE69EB7}.Debug|Any CPU.Build.0 = Debug|Any CPU
		{C4B5C4C6-842F-4686-8C5B-BF370CE69EB7}.Release|Any CPU.ActiveCfg = Release|Any CPU
		{C4B5C4C6-842F-4686-8C5B-BF370CE69EB7}.Release|Any CPU.Build.0 = Release|Any CPU
		{668C206E-BBE7-45EB-AB0E-1CF534D061CD}.Debug|Any CPU.ActiveCfg = Debug|Any CPU
		{668C206E-BBE7-45EB-AB0E-1CF534D061CD}.Debug|Any CPU.Build.0 = Debug|Any CPU
		{668C206E-BBE7-45EB-AB0E-1CF534D061CD}.Release|Any CPU.ActiveCfg = Release|Any CPU
		{668C206E-BBE7-45EB-AB0E-1CF534D061CD}.Release|Any CPU.Build.0 = Release|Any CPU
	EndGlobalSection
	GlobalSection(SolutionProperties) = preSolution
		HideSolutionNode = FALSE
	EndGlobalSection
EndGlobal
