
Microsoft Visual Studio Solution File, Format Version 12.00
# Visual Studio 15
VisualStudioVersion = 15.0.27703.2000
MinimumVisualStudioVersion = 10.0.40219.1
Project("{FAE04EC0-301F-11D3-BF4B-00C04F79EFBC}") = "01.Bank Account", "01. Bank Account\01.Bank Account.csproj", "{2B4D339D-680B-4B7E-952C-15D100D31EEB}"
EndProject
Project("{FAE04EC0-301F-11D3-BF4B-00C04F79EFBC}") = "02.Bank Account Methods", "02. Bank Account Methods\02.Bank Account Methods.csproj", "{2318808D-8512-4D5F-8B31-82143CA8A7ED}"
EndProject
Project("{FAE04EC0-301F-11D3-BF4B-00C04F79EFBC}") = "03.TestClient", "03. Test Client\03.TestClient.csproj", "{E3554C6F-AED3-41BF-A152-5B95DDFBEA37}"
EndProject
Project("{FAE04EC0-301F-11D3-BF4B-00C04F79EFBC}") = "04.Person Class", "04. Person Class\04.Person Class.csproj", "{8F1C2B0C-2ECD-4736-A28F-E3C85451B324}"
EndProject
Project("{FAE04EC0-301F-11D3-BF4B-00C04F79EFBC}") = "05.DefineAClassPerson", "05. Define a Class Person\05.DefineAClassPerson.csproj", "{AA19C326-4303-4FE5-89EC-ECA7AC528FEF}"
EndProject
Project("{FAE04EC0-301F-11D3-BF4B-00C04F79EFBC}") = "06.Creating Constructors", "06. Creating Constructors\06.Creating Constructors.csproj", "{C0D22D21-44BB-472A-A708-4EB42DAEAB76}"
EndProject
Project("{FAE04EC0-301F-11D3-BF4B-00C04F79EFBC}") = "07.OldestFamilyMember", "07. Oldest Family Member\07.OldestFamilyMember.csproj", "{B4581120-DFF0-4643-9F35-4D607C96E66F}"
EndProject
Project("{FAE04EC0-301F-11D3-BF4B-00C04F79EFBC}") = "08.OpinionPoll", "08. Opinion Poll\08.OpinionPoll.csproj", "{FD2B7388-B43A-498C-A4A1-F1F278E10DF9}"
EndProject
Project("{FAE04EC0-301F-11D3-BF4B-00C04F79EFBC}") = "09.DateModifier", "09. Date Modifier\09.DateModifier.csproj", "{57B6C04F-1395-42D3-BE82-817DBFBADC98}"
EndProject
Project("{FAE04EC0-301F-11D3-BF4B-00C04F79EFBC}") = "10.CompanyRoster", "10. Company Roster\10.CompanyRoster.csproj", "{523F1081-88F9-4597-B12E-74094A05CE1B}"
EndProject
Project("{FAE04EC0-301F-11D3-BF4B-00C04F79EFBC}") = "11.SpeedRacing", "11. Speed Racing\11.SpeedRacing.csproj", "{688B28D0-1577-4C08-BED1-76DB1B59998D}"
EndProject
Project("{FAE04EC0-301F-11D3-BF4B-00C04F79EFBC}") = "12.RawData", "12. Raw Data\12.RawData.csproj", "{208A02A5-3446-4492-9F1E-A58C198835E8}"
EndProject
Project("{FAE04EC0-301F-11D3-BF4B-00C04F79EFBC}") = "13.RectangleIntersection", "13. Rectangle Intersection\13.RectangleIntersection.csproj", "{D33DA97F-52DF-4398-89A1-5B1356073958}"
EndProject
Project("{FAE04EC0-301F-11D3-BF4B-00C04F79EFBC}") = "14.CarSalesman", "14. Car Salesman\14.CarSalesman.csproj", "{9739781C-3CC3-4E2C-9B02-5645C2D32A1D}"
EndProject
Project("{FAE04EC0-301F-11D3-BF4B-00C04F79EFBC}") = "15.PokemonTrainer", "15. Pokemon Trainer\15.PokemonTrainer.csproj", "{5127C9A0-A2E0-40D8-A5E4-48EEB5CCAB7D}"
EndProject
Project("{FAE04EC0-301F-11D3-BF4B-00C04F79EFBC}") = "16.Google", "16. Google\16.Google.csproj", "{F2ED1657-07C3-41F1-9DB2-62AC496468F4}"
EndProject
Project("{FAE04EC0-301F-11D3-BF4B-00C04F79EFBC}") = "17.FamilyTree", "17. Family Tree\17.FamilyTree.csproj", "{1420F4B7-79C2-4997-8254-24778ED43E8E}"
EndProject
Project("{FAE04EC0-301F-11D3-BF4B-00C04F79EFBC}") = "18.CatLady", "18. Cat Lady\18.CatLady.csproj", "{14CDC370-57E2-4A5F-AC7C-96D965365443}"
EndProject
Project("{FAE04EC0-301F-11D3-BF4B-00C04F79EFBC}") = "19.DrawingTool", "19. Drawing Tool\19.DrawingTool.csproj", "{CACA829A-5788-41F3-9B25-7DAD16E0C911}"
EndProject
Global
	GlobalSection(SolutionConfigurationPlatforms) = preSolution
		Debug|Any CPU = Debug|Any CPU
		Release|Any CPU = Release|Any CPU
	EndGlobalSection
	GlobalSection(ProjectConfigurationPlatforms) = postSolution
		{2B4D339D-680B-4B7E-952C-15D100D31EEB}.Debug|Any CPU.ActiveCfg = Debug|Any CPU
		{2B4D339D-680B-4B7E-952C-15D100D31EEB}.Debug|Any CPU.Build.0 = Debug|Any CPU
		{2B4D339D-680B-4B7E-952C-15D100D31EEB}.Release|Any CPU.ActiveCfg = Release|Any CPU
		{2B4D339D-680B-4B7E-952C-15D100D31EEB}.Release|Any CPU.Build.0 = Release|Any CPU
		{2318808D-8512-4D5F-8B31-82143CA8A7ED}.Debug|Any CPU.ActiveCfg = Debug|Any CPU
		{2318808D-8512-4D5F-8B31-82143CA8A7ED}.Debug|Any CPU.Build.0 = Debug|Any CPU
		{2318808D-8512-4D5F-8B31-82143CA8A7ED}.Release|Any CPU.ActiveCfg = Release|Any CPU
		{2318808D-8512-4D5F-8B31-82143CA8A7ED}.Release|Any CPU.Build.0 = Release|Any CPU
		{E3554C6F-AED3-41BF-A152-5B95DDFBEA37}.Debug|Any CPU.ActiveCfg = Debug|Any CPU
		{E3554C6F-AED3-41BF-A152-5B95DDFBEA37}.Debug|Any CPU.Build.0 = Debug|Any CPU
		{E3554C6F-AED3-41BF-A152-5B95DDFBEA37}.Release|Any CPU.ActiveCfg = Release|Any CPU
		{E3554C6F-AED3-41BF-A152-5B95DDFBEA37}.Release|Any CPU.Build.0 = Release|Any CPU
		{8F1C2B0C-2ECD-4736-A28F-E3C85451B324}.Debug|Any CPU.ActiveCfg = Debug|Any CPU
		{8F1C2B0C-2ECD-4736-A28F-E3C85451B324}.Debug|Any CPU.Build.0 = Debug|Any CPU
		{8F1C2B0C-2ECD-4736-A28F-E3C85451B324}.Release|Any CPU.ActiveCfg = Release|Any CPU
		{8F1C2B0C-2ECD-4736-A28F-E3C85451B324}.Release|Any CPU.Build.0 = Release|Any CPU
		{AA19C326-4303-4FE5-89EC-ECA7AC528FEF}.Debug|Any CPU.ActiveCfg = Debug|Any CPU
		{AA19C326-4303-4FE5-89EC-ECA7AC528FEF}.Debug|Any CPU.Build.0 = Debug|Any CPU
		{AA19C326-4303-4FE5-89EC-ECA7AC528FEF}.Release|Any CPU.ActiveCfg = Release|Any CPU
		{AA19C326-4303-4FE5-89EC-ECA7AC528FEF}.Release|Any CPU.Build.0 = Release|Any CPU
		{C0D22D21-44BB-472A-A708-4EB42DAEAB76}.Debug|Any CPU.ActiveCfg = Debug|Any CPU
		{C0D22D21-44BB-472A-A708-4EB42DAEAB76}.Debug|Any CPU.Build.0 = Debug|Any CPU
		{C0D22D21-44BB-472A-A708-4EB42DAEAB76}.Release|Any CPU.ActiveCfg = Release|Any CPU
		{C0D22D21-44BB-472A-A708-4EB42DAEAB76}.Release|Any CPU.Build.0 = Release|Any CPU
		{B4581120-DFF0-4643-9F35-4D607C96E66F}.Debug|Any CPU.ActiveCfg = Debug|Any CPU
		{B4581120-DFF0-4643-9F35-4D607C96E66F}.Debug|Any CPU.Build.0 = Debug|Any CPU
		{B4581120-DFF0-4643-9F35-4D607C96E66F}.Release|Any CPU.ActiveCfg = Release|Any CPU
		{B4581120-DFF0-4643-9F35-4D607C96E66F}.Release|Any CPU.Build.0 = Release|Any CPU
		{FD2B7388-B43A-498C-A4A1-F1F278E10DF9}.Debug|Any CPU.ActiveCfg = Debug|Any CPU
		{FD2B7388-B43A-498C-A4A1-F1F278E10DF9}.Debug|Any CPU.Build.0 = Debug|Any CPU
		{FD2B7388-B43A-498C-A4A1-F1F278E10DF9}.Release|Any CPU.ActiveCfg = Release|Any CPU
		{FD2B7388-B43A-498C-A4A1-F1F278E10DF9}.Release|Any CPU.Build.0 = Release|Any CPU
		{57B6C04F-1395-42D3-BE82-817DBFBADC98}.Debug|Any CPU.ActiveCfg = Debug|Any CPU
		{57B6C04F-1395-42D3-BE82-817DBFBADC98}.Debug|Any CPU.Build.0 = Debug|Any CPU
		{57B6C04F-1395-42D3-BE82-817DBFBADC98}.Release|Any CPU.ActiveCfg = Release|Any CPU
		{57B6C04F-1395-42D3-BE82-817DBFBADC98}.Release|Any CPU.Build.0 = Release|Any CPU
		{523F1081-88F9-4597-B12E-74094A05CE1B}.Debug|Any CPU.ActiveCfg = Debug|Any CPU
		{523F1081-88F9-4597-B12E-74094A05CE1B}.Debug|Any CPU.Build.0 = Debug|Any CPU
		{523F1081-88F9-4597-B12E-74094A05CE1B}.Release|Any CPU.ActiveCfg = Release|Any CPU
		{523F1081-88F9-4597-B12E-74094A05CE1B}.Release|Any CPU.Build.0 = Release|Any CPU
		{688B28D0-1577-4C08-BED1-76DB1B59998D}.Debug|Any CPU.ActiveCfg = Debug|Any CPU
		{688B28D0-1577-4C08-BED1-76DB1B59998D}.Debug|Any CPU.Build.0 = Debug|Any CPU
		{688B28D0-1577-4C08-BED1-76DB1B59998D}.Release|Any CPU.ActiveCfg = Release|Any CPU
		{688B28D0-1577-4C08-BED1-76DB1B59998D}.Release|Any CPU.Build.0 = Release|Any CPU
		{208A02A5-3446-4492-9F1E-A58C198835E8}.Debug|Any CPU.ActiveCfg = Debug|Any CPU
		{208A02A5-3446-4492-9F1E-A58C198835E8}.Debug|Any CPU.Build.0 = Debug|Any CPU
		{208A02A5-3446-4492-9F1E-A58C198835E8}.Release|Any CPU.ActiveCfg = Release|Any CPU
		{208A02A5-3446-4492-9F1E-A58C198835E8}.Release|Any CPU.Build.0 = Release|Any CPU
		{D33DA97F-52DF-4398-89A1-5B1356073958}.Debug|Any CPU.ActiveCfg = Debug|Any CPU
		{D33DA97F-52DF-4398-89A1-5B1356073958}.Debug|Any CPU.Build.0 = Debug|Any CPU
		{D33DA97F-52DF-4398-89A1-5B1356073958}.Release|Any CPU.ActiveCfg = Release|Any CPU
		{D33DA97F-52DF-4398-89A1-5B1356073958}.Release|Any CPU.Build.0 = Release|Any CPU
		{9739781C-3CC3-4E2C-9B02-5645C2D32A1D}.Debug|Any CPU.ActiveCfg = Debug|Any CPU
		{9739781C-3CC3-4E2C-9B02-5645C2D32A1D}.Debug|Any CPU.Build.0 = Debug|Any CPU
		{9739781C-3CC3-4E2C-9B02-5645C2D32A1D}.Release|Any CPU.ActiveCfg = Release|Any CPU
		{9739781C-3CC3-4E2C-9B02-5645C2D32A1D}.Release|Any CPU.Build.0 = Release|Any CPU
		{5127C9A0-A2E0-40D8-A5E4-48EEB5CCAB7D}.Debug|Any CPU.ActiveCfg = Debug|Any CPU
		{5127C9A0-A2E0-40D8-A5E4-48EEB5CCAB7D}.Debug|Any CPU.Build.0 = Debug|Any CPU
		{5127C9A0-A2E0-40D8-A5E4-48EEB5CCAB7D}.Release|Any CPU.ActiveCfg = Release|Any CPU
		{5127C9A0-A2E0-40D8-A5E4-48EEB5CCAB7D}.Release|Any CPU.Build.0 = Release|Any CPU
		{F2ED1657-07C3-41F1-9DB2-62AC496468F4}.Debug|Any CPU.ActiveCfg = Debug|Any CPU
		{F2ED1657-07C3-41F1-9DB2-62AC496468F4}.Debug|Any CPU.Build.0 = Debug|Any CPU
		{F2ED1657-07C3-41F1-9DB2-62AC496468F4}.Release|Any CPU.ActiveCfg = Release|Any CPU
		{F2ED1657-07C3-41F1-9DB2-62AC496468F4}.Release|Any CPU.Build.0 = Release|Any CPU
		{1420F4B7-79C2-4997-8254-24778ED43E8E}.Debug|Any CPU.ActiveCfg = Debug|Any CPU
		{1420F4B7-79C2-4997-8254-24778ED43E8E}.Debug|Any CPU.Build.0 = Debug|Any CPU
		{1420F4B7-79C2-4997-8254-24778ED43E8E}.Release|Any CPU.ActiveCfg = Release|Any CPU
		{1420F4B7-79C2-4997-8254-24778ED43E8E}.Release|Any CPU.Build.0 = Release|Any CPU
		{14CDC370-57E2-4A5F-AC7C-96D965365443}.Debug|Any CPU.ActiveCfg = Debug|Any CPU
		{14CDC370-57E2-4A5F-AC7C-96D965365443}.Debug|Any CPU.Build.0 = Debug|Any CPU
		{14CDC370-57E2-4A5F-AC7C-96D965365443}.Release|Any CPU.ActiveCfg = Release|Any CPU
		{14CDC370-57E2-4A5F-AC7C-96D965365443}.Release|Any CPU.Build.0 = Release|Any CPU
		{CACA829A-5788-41F3-9B25-7DAD16E0C911}.Debug|Any CPU.ActiveCfg = Debug|Any CPU
		{CACA829A-5788-41F3-9B25-7DAD16E0C911}.Debug|Any CPU.Build.0 = Debug|Any CPU
		{CACA829A-5788-41F3-9B25-7DAD16E0C911}.Release|Any CPU.ActiveCfg = Release|Any CPU
		{CACA829A-5788-41F3-9B25-7DAD16E0C911}.Release|Any CPU.Build.0 = Release|Any CPU
	EndGlobalSection
	GlobalSection(SolutionProperties) = preSolution
		HideSolutionNode = FALSE
	EndGlobalSection
	GlobalSection(ExtensibilityGlobals) = postSolution
		SolutionGuid = {DE784A0F-6246-439E-AED8-47A95B2ADA5D}
	EndGlobalSection
EndGlobal
